
Microsoft Visual Studio Solution File, Format Version 12.00
# Visual Studio Version 17
VisualStudioVersion = 17.8.34511.84
MinimumVisualStudioVersion = 10.0.40219.1
Project("{9A19103F-16F7-4668-BE54-9A1E7A4F7556}") = "Instruments4Music", "Instruments4Music\Instruments4Music.csproj", "{F1CA34D0-2200-4D39-BC45-E8629AD27D82}"
EndProject
Global
	GlobalSection(SolutionConfigurationPlatforms) = preSolution
		Debug|Any CPU = Debug|Any CPU
		Release|Any CPU = Release|Any CPU
	EndGlobalSection
	GlobalSection(ProjectConfigurationPlatforms) = postSolution
		{F1CA34D0-2200-4D39-BC45-E8629AD27D82}.Debug|Any CPU.ActiveCfg = Debug|Any CPU
		{F1CA34D0-2200-4D39-BC45-E8629AD27D82}.Debug|Any CPU.Build.0 = Debug|Any CPU
		{F1CA34D0-2200-4D39-BC45-E8629AD27D82}.Release|Any CPU.ActiveCfg = Release|Any CPU
		{F1CA34D0-2200-4D39-BC45-E8629AD27D82}.Release|Any CPU.Build.0 = Release|Any CPU
		{B59C4274-3A0A-4ED0-BE4C-396C01670908}.Debug|Any CPU.ActiveCfg = Debug|Any CPU
		{B59C4274-3A0A-4ED0-BE4C-396C01670908}.Debug|Any CPU.Build.0 = Debug|Any CPU
		{B59C4274-3A0A-4ED0-BE4C-396C01670908}.Release|Any CPU.ActiveCfg = Release|Any CPU
		{B59C4274-3A0A-4ED0-BE4C-396C01670908}.Release|Any CPU.Build.0 = Release|Any CPU
	EndGlobalSection
	GlobalSection(SolutionProperties) = preSolution
		HideSolutionNode = FALSE
	EndGlobalSection
	GlobalSection(ExtensibilityGlobals) = postSolution
		SolutionGuid = {DB65D108-C880-4DE1-8CC6-F8F3EBCF4D82}
	EndGlobalSection
EndGlobal
